
Microsoft Visual Studio Solution File, Format Version 12.00
# Visual Studio Version 17
VisualStudioVersion = 17.7.34024.191
MinimumVisualStudioVersion = 10.0.40219.1
Project("{FAE04EC0-301F-11D3-BF4B-00C04F79EFBC}") = "atividadesFuncoes15pt", "atividadesFuncoes15pt\atividadesFuncoes15pt.csproj", "{24004687-8A54-4720-A893-5B4882912119}"
EndProject
Global
	GlobalSection(SolutionConfigurationPlatforms) = preSolution
		Debug|Any CPU = Debug|Any CPU
		Release|Any CPU = Release|Any CPU
	EndGlobalSection
	GlobalSection(ProjectConfigurationPlatforms) = postSolution
		{24004687-8A54-4720-A893-5B4882912119}.Debug|Any CPU.ActiveCfg = Debug|Any CPU
		{24004687-8A54-4720-A893-5B4882912119}.Debug|Any CPU.Build.0 = Debug|Any CPU
		{24004687-8A54-4720-A893-5B4882912119}.Release|Any CPU.ActiveCfg = Release|Any CPU
		{24004687-8A54-4720-A893-5B4882912119}.Release|Any CPU.Build.0 = Release|Any CPU
	EndGlobalSection
	GlobalSection(SolutionProperties) = preSolution
		HideSolutionNode = FALSE
	EndGlobalSection
	GlobalSection(ExtensibilityGlobals) = postSolution
		SolutionGuid = {C5D9ECA9-9F5E-4D55-BE0F-55EADE29C465}
	EndGlobalSection
EndGlobal
