
Microsoft Visual Studio Solution File, Format Version 12.00
# Visual Studio Version 17
VisualStudioVersion = 17.5.33414.496
MinimumVisualStudioVersion = 10.0.40219.1
Project("{FAE04EC0-301F-11D3-BF4B-00C04F79EFBC}") = "Aula01", "Aula01\Aula01.csproj", "{116DB3CA-8AAC-413D-9AF5-E48E07275557}"
EndProject
Global
	GlobalSection(SolutionConfigurationPlatforms) = preSolution
		Debug|Any CPU = Debug|Any CPU
		Release|Any CPU = Release|Any CPU
	EndGlobalSection
	GlobalSection(ProjectConfigurationPlatforms) = postSolution
		{116DB3CA-8AAC-413D-9AF5-E48E07275557}.Debug|Any CPU.ActiveCfg = Debug|Any CPU
		{116DB3CA-8AAC-413D-9AF5-E48E07275557}.Debug|Any CPU.Build.0 = Debug|Any CPU
		{116DB3CA-8AAC-413D-9AF5-E48E07275557}.Release|Any CPU.ActiveCfg = Release|Any CPU
		{116DB3CA-8AAC-413D-9AF5-E48E07275557}.Release|Any CPU.Build.0 = Release|Any CPU
	EndGlobalSection
	GlobalSection(SolutionProperties) = preSolution
		HideSolutionNode = FALSE
	EndGlobalSection
	GlobalSection(ExtensibilityGlobals) = postSolution
		SolutionGuid = {5FA76F0A-B5F9-4FD5-AA33-E9EE6572445A}
	EndGlobalSection
EndGlobal
