
Microsoft Visual Studio Solution File, Format Version 12.00
# Visual Studio Version 17
VisualStudioVersion = 17.5.33414.496
MinimumVisualStudioVersion = 10.0.40219.1
Project("{FAE04EC0-301F-11D3-BF4B-00C04F79EFBC}") = "aula02", "aula02\aula02.csproj", "{FAEBF974-1179-4BDD-9322-157D7087D036}"
EndProject
Global
	GlobalSection(SolutionConfigurationPlatforms) = preSolution
		Debug|Any CPU = Debug|Any CPU
		Release|Any CPU = Release|Any CPU
	EndGlobalSection
	GlobalSection(ProjectConfigurationPlatforms) = postSolution
		{FAEBF974-1179-4BDD-9322-157D7087D036}.Debug|Any CPU.ActiveCfg = Debug|Any CPU
		{FAEBF974-1179-4BDD-9322-157D7087D036}.Debug|Any CPU.Build.0 = Debug|Any CPU
		{FAEBF974-1179-4BDD-9322-157D7087D036}.Release|Any CPU.ActiveCfg = Release|Any CPU
		{FAEBF974-1179-4BDD-9322-157D7087D036}.Release|Any CPU.Build.0 = Release|Any CPU
	EndGlobalSection
	GlobalSection(SolutionProperties) = preSolution
		HideSolutionNode = FALSE
	EndGlobalSection
	GlobalSection(ExtensibilityGlobals) = postSolution
		SolutionGuid = {1EC08535-5C54-4EF4-96E3-DE68AAE2914C}
	EndGlobalSection
EndGlobal
